
Microsoft Visual Studio Solution File, Format Version 12.00
# Visual Studio Version 17
VisualStudioVersion = 17.9.34728.123
MinimumVisualStudioVersion = 10.0.40219.1
Project("{00D1A9C2-B5F0-4AF3-8072-F6C62B433612}") = "ExpenseManagementDB", "ExpenseManagementDB\ExpenseManagementDB.sqlproj", "{3A782BDC-78B3-4657-8501-B82325620EE1}"
EndProject
Global
	GlobalSection(SolutionConfigurationPlatforms) = preSolution
		Debug|Any CPU = Debug|Any CPU
		Release|Any CPU = Release|Any CPU
	EndGlobalSection
	GlobalSection(ProjectConfigurationPlatforms) = postSolution
		{3A782BDC-78B3-4657-8501-B82325620EE1}.Debug|Any CPU.ActiveCfg = Debug|Any CPU
		{3A782BDC-78B3-4657-8501-B82325620EE1}.Debug|Any CPU.Build.0 = Debug|Any CPU
		{3A782BDC-78B3-4657-8501-B82325620EE1}.Debug|Any CPU.Deploy.0 = Debug|Any CPU
		{3A782BDC-78B3-4657-8501-B82325620EE1}.Release|Any CPU.ActiveCfg = Release|Any CPU
		{3A782BDC-78B3-4657-8501-B82325620EE1}.Release|Any CPU.Build.0 = Release|Any CPU
		{3A782BDC-78B3-4657-8501-B82325620EE1}.Release|Any CPU.Deploy.0 = Release|Any CPU
	EndGlobalSection
	GlobalSection(SolutionProperties) = preSolution
		HideSolutionNode = FALSE
	EndGlobalSection
	GlobalSection(ExtensibilityGlobals) = postSolution
		SolutionGuid = {F66CAF27-8319-4B95-B792-C7DE5011C8EA}
	EndGlobalSection
EndGlobal
